{
  "name": "Lax",
  "version": "1.0.0",
  "lockfileVersion": 1,
  "requires": true,
  "dependencies": {
    "jquery": {
      "version": "3.5.1",
      "resolved": "https://registry.npmjs.org/jquery/-/jquery-3.5.1.tgz",
      "integrity": "sha512-XwIBPqcMn57FxfT+Go5pzySnm4KWkT1Tv7gjrpT1srtf8Weynl6R273VJ5GjkRb51IzMp5nbaPjJXMWeju2MKg=="
    },
    "sal.js": {
      "version": "0.7.6",
      "resolved": "https://registry.npmjs.org/sal.js/-/sal.js-0.7.6.tgz",
      "integrity": "sha512-wxuyq1DPZxvSCfB0GiKGLp//j3cdOUCNzk9gwZYb8jKX0Gg1IwRndcwAVLl8aq7CPwzj4tvpg8P2mpShHDmUZQ=="
    },
    "scroll-out": {
      "version": "2.2.11",
      "resolved": "https://registry.npmjs.org/scroll-out/-/scroll-out-2.2.11.tgz",
      "integrity": "sha512-o92X8fKkVmjbARw3Xa4rF5BXoejKfR8m2528sh6bV7AHFmcfNirrphLEfLBxjBnGKcrxwVOGSy8lLWyCn4bjAQ=="
    }
  }
}
